
Microsoft Visual Studio Solution File, Format Version 12.00
# Visual Studio Version 17
VisualStudioVersion = 17.8.34309.116
MinimumVisualStudioVersion = 10.0.40219.1
Project("{FAE04EC0-301F-11D3-BF4B-00C04F79EFBC}") = "FactoryPattern", "FactoryPattern\FactoryPattern.csproj", "{C8561A2A-9871-49EF-8679-6FD4D1AB14F5}"
EndProject
Global
	GlobalSection(SolutionConfigurationPlatforms) = preSolution
		Debug|Any CPU = Debug|Any CPU
		Release|Any CPU = Release|Any CPU
	EndGlobalSection
	GlobalSection(ProjectConfigurationPlatforms) = postSolution
		{C8561A2A-9871-49EF-8679-6FD4D1AB14F5}.Debug|Any CPU.ActiveCfg = Debug|Any CPU
		{C8561A2A-9871-49EF-8679-6FD4D1AB14F5}.Debug|Any CPU.Build.0 = Debug|Any CPU
		{C8561A2A-9871-49EF-8679-6FD4D1AB14F5}.Release|Any CPU.ActiveCfg = Release|Any CPU
		{C8561A2A-9871-49EF-8679-6FD4D1AB14F5}.Release|Any CPU.Build.0 = Release|Any CPU
	EndGlobalSection
	GlobalSection(SolutionProperties) = preSolution
		HideSolutionNode = FALSE
	EndGlobalSection
	GlobalSection(ExtensibilityGlobals) = postSolution
		SolutionGuid = {0E1CC6B7-F21A-4A08-A8B9-441BC199FFD8}
	EndGlobalSection
EndGlobal
